
Microsoft Visual Studio Solution File, Format Version 12.00
# Visual Studio Version 17
VisualStudioVersion = 17.1.32328.378
MinimumVisualStudioVersion = 10.0.40219.1
Project("{FAE04EC0-301F-11D3-BF4B-00C04F79EFBC}") = "Playwright", "Playwright.csproj", "{B15DBD1F-643E-4934-A053-04823EC6189D}"
EndProject
Global
	GlobalSection(SolutionConfigurationPlatforms) = preSolution
		Debug|Any CPU = Debug|Any CPU
		Release|Any CPU = Release|Any CPU
	EndGlobalSection
	GlobalSection(ProjectConfigurationPlatforms) = postSolution
		{B15DBD1F-643E-4934-A053-04823EC6189D}.Debug|Any CPU.ActiveCfg = Debug|Any CPU
		{B15DBD1F-643E-4934-A053-04823EC6189D}.Debug|Any CPU.Build.0 = Debug|Any CPU
		{B15DBD1F-643E-4934-A053-04823EC6189D}.Release|Any CPU.ActiveCfg = Release|Any CPU
		{B15DBD1F-643E-4934-A053-04823EC6189D}.Release|Any CPU.Build.0 = Release|Any CPU
	EndGlobalSection
	GlobalSection(SolutionProperties) = preSolution
		HideSolutionNode = FALSE
	EndGlobalSection
	GlobalSection(ExtensibilityGlobals) = postSolution
		SolutionGuid = {C69C2CC6-79D5-43B5-B94B-67EE56A3D5D6}
	EndGlobalSection
EndGlobal
