
Microsoft Visual Studio Solution File, Format Version 12.00
# Visual Studio Version 17
VisualStudioVersion = 17.6.33829.357
MinimumVisualStudioVersion = 10.0.40219.1
Project("{FAE04EC0-301F-11D3-BF4B-00C04F79EFBC}") = "GameOfLife", "GameOfLife\GameOfLife.csproj", "{4756566F-ADEF-4E48-B478-32376AF87685}"
EndProject
Project("{FAE04EC0-301F-11D3-BF4B-00C04F79EFBC}") = "Tests", "Tests\Tests.csproj", "{6B0477FF-4FED-4771-BF16-67D7CF0DFB7C}"
EndProject
Global
	GlobalSection(SolutionConfigurationPlatforms) = preSolution
		Debug|Any CPU = Debug|Any CPU
		Release|Any CPU = Release|Any CPU
	EndGlobalSection
	GlobalSection(ProjectConfigurationPlatforms) = postSolution
		{4756566F-ADEF-4E48-B478-32376AF87685}.Debug|Any CPU.ActiveCfg = Debug|Any CPU
		{4756566F-ADEF-4E48-B478-32376AF87685}.Debug|Any CPU.Build.0 = Debug|Any CPU
		{4756566F-ADEF-4E48-B478-32376AF87685}.Release|Any CPU.ActiveCfg = Release|Any CPU
		{4756566F-ADEF-4E48-B478-32376AF87685}.Release|Any CPU.Build.0 = Release|Any CPU
		{6B0477FF-4FED-4771-BF16-67D7CF0DFB7C}.Debug|Any CPU.ActiveCfg = Debug|Any CPU
		{6B0477FF-4FED-4771-BF16-67D7CF0DFB7C}.Debug|Any CPU.Build.0 = Debug|Any CPU
		{6B0477FF-4FED-4771-BF16-67D7CF0DFB7C}.Release|Any CPU.ActiveCfg = Release|Any CPU
		{6B0477FF-4FED-4771-BF16-67D7CF0DFB7C}.Release|Any CPU.Build.0 = Release|Any CPU
	EndGlobalSection
	GlobalSection(SolutionProperties) = preSolution
		HideSolutionNode = FALSE
	EndGlobalSection
	GlobalSection(ExtensibilityGlobals) = postSolution
		SolutionGuid = {A55960A6-314F-4C4B-91CE-BD09F56B2950}
	EndGlobalSection
EndGlobal
