
Microsoft Visual Studio Solution File, Format Version 12.00
# Visual Studio Version 16
VisualStudioVersion = 16.0.29215.179
MinimumVisualStudioVersion = 10.0.40219.1
Project("{FAE04EC0-301F-11D3-BF4B-00C04F79EFBC}") = "CodingDojoWorkSmarterNotHarder", "CodingDojoWorkSmarterNotHarder\CodingDojoWorkSmarterNotHarder.csproj", "{8717D408-61BC-4555-92BE-55272347AE49}"
EndProject
Project("{FAE04EC0-301F-11D3-BF4B-00C04F79EFBC}") = "CodingDojoWorkSmarterNotHarderTests", "CodingDojoWorkSmarterNotHarderTests\CodingDojoWorkSmarterNotHarderTests.csproj", "{D042BE20-3125-4BF3-9DD6-8328C1D96287}"
EndProject
Global
	GlobalSection(SolutionConfigurationPlatforms) = preSolution
		Debug|Any CPU = Debug|Any CPU
		Release|Any CPU = Release|Any CPU
	EndGlobalSection
	GlobalSection(ProjectConfigurationPlatforms) = postSolution
		{8717D408-61BC-4555-92BE-55272347AE49}.Debug|Any CPU.ActiveCfg = Debug|Any CPU
		{8717D408-61BC-4555-92BE-55272347AE49}.Debug|Any CPU.Build.0 = Debug|Any CPU
		{8717D408-61BC-4555-92BE-55272347AE49}.Release|Any CPU.ActiveCfg = Release|Any CPU
		{8717D408-61BC-4555-92BE-55272347AE49}.Release|Any CPU.Build.0 = Release|Any CPU
		{D042BE20-3125-4BF3-9DD6-8328C1D96287}.Debug|Any CPU.ActiveCfg = Debug|Any CPU
		{D042BE20-3125-4BF3-9DD6-8328C1D96287}.Debug|Any CPU.Build.0 = Debug|Any CPU
		{D042BE20-3125-4BF3-9DD6-8328C1D96287}.Release|Any CPU.ActiveCfg = Release|Any CPU
		{D042BE20-3125-4BF3-9DD6-8328C1D96287}.Release|Any CPU.Build.0 = Release|Any CPU
	EndGlobalSection
	GlobalSection(SolutionProperties) = preSolution
		HideSolutionNode = FALSE
	EndGlobalSection
	GlobalSection(ExtensibilityGlobals) = postSolution
		SolutionGuid = {1D94A706-9D81-4074-BCDC-82E4E5876936}
	EndGlobalSection
EndGlobal
